// !$*UTF8*$!
{
	archiveVersion = 1;
	classes = {
	};
	objectVersion = 56;
	objects = {

/* Begin PBXBuildFile section */
		1D2A5B2B29AAD96C00748318 /* ProfileViewController.swift in Sources */ = {isa = PBXBuildFile; fileRef = 1D2A5B2A29AAD96C00748318 /* ProfileViewController.swift */; };
		8BA74532386BBAC3F6DDBFED /* Pods_typing_speed_testTests.framework in Frameworks */ = {isa = PBXBuildFile; fileRef = E3A8F9C1D7ECA378473D84FF /* Pods_typing_speed_testTests.framework */; };
		DA0C91E4296E8428002E9B34 /* SignInPageViewController.swift in Sources */ = {isa = PBXBuildFile; fileRef = DA0C91E3296E8428002E9B34 /* SignInPageViewController.swift */; };
		DA15C8092986337E00C002B2 /* userInfo.swift in Sources */ = {isa = PBXBuildFile; fileRef = DA15C8082986337E00C002B2 /* userInfo.swift */; };
		DA49F253296E802100162C15 /* MainViewController.swift in Sources */ = {isa = PBXBuildFile; fileRef = DA49F252296E802100162C15 /* MainViewController.swift */; };
		DA621D752996FC040055646A /* ForgetPasswordViewController.swift in Sources */ = {isa = PBXBuildFile; fileRef = DA621D742996FC040055646A /* ForgetPasswordViewController.swift */; };
		DA6475FE2979C46300326534 /* validation.swift in Sources */ = {isa = PBXBuildFile; fileRef = DA6475FD2979C46300326534 /* validation.swift */; };
		DAA0E9DD297B7862003C8FDE /* GoogleService-Info.plist in Resources */ = {isa = PBXBuildFile; fileRef = DAA0E9DC297B7862003C8FDE /* GoogleService-Info.plist */; };
		DAA0E9DE297B7862003C8FDE /* GoogleService-Info.plist in Resources */ = {isa = PBXBuildFile; fileRef = DAA0E9DC297B7862003C8FDE /* GoogleService-Info.plist */; };
		DAA0E9DF297B7862003C8FDE /* GoogleService-Info.plist in Resources */ = {isa = PBXBuildFile; fileRef = DAA0E9DC297B7862003C8FDE /* GoogleService-Info.plist */; };
		DAD0F22B295D4818007013BE /* AppDelegate.swift in Sources */ = {isa = PBXBuildFile; fileRef = DAD0F22A295D4818007013BE /* AppDelegate.swift */; };
		DAD0F22D295D4818007013BE /* SceneDelegate.swift in Sources */ = {isa = PBXBuildFile; fileRef = DAD0F22C295D4818007013BE /* SceneDelegate.swift */; };
		DAD0F22F295D4818007013BE /* SignUpPageViewController.swift in Sources */ = {isa = PBXBuildFile; fileRef = DAD0F22E295D4818007013BE /* SignUpPageViewController.swift */; };
		DAD0F232295D4818007013BE /* Main.storyboard in Resources */ = {isa = PBXBuildFile; fileRef = DAD0F230295D4818007013BE /* Main.storyboard */; };
		DAD0F235295D4818007013BE /* typing_speed_test.xcdatamodeld in Sources */ = {isa = PBXBuildFile; fileRef = DAD0F233295D4818007013BE /* typing_speed_test.xcdatamodeld */; };
		DAD0F237295D4819007013BE /* Assets.xcassets in Resources */ = {isa = PBXBuildFile; fileRef = DAD0F236295D4819007013BE /* Assets.xcassets */; };
		DAD0F23A295D4819007013BE /* LaunchScreen.storyboard in Resources */ = {isa = PBXBuildFile; fileRef = DAD0F238295D4819007013BE /* LaunchScreen.storyboard */; };
		DAD0F245295D4819007013BE /* typing_speed_testTests.swift in Sources */ = {isa = PBXBuildFile; fileRef = DAD0F244295D4819007013BE /* typing_speed_testTests.swift */; };
		DAD0F24F295D4819007013BE /* typing_speed_testUITests.swift in Sources */ = {isa = PBXBuildFile; fileRef = DAD0F24E295D4819007013BE /* typing_speed_testUITests.swift */; };
		DAD0F251295D4819007013BE /* typing_speed_testUITestsLaunchTests.swift in Sources */ = {isa = PBXBuildFile; fileRef = DAD0F250295D4819007013BE /* typing_speed_testUITestsLaunchTests.swift */; };
		E35CF153E8C2948EA2748B23 /* Pods_typing_speed_test_typing_speed_testUITests.framework in Frameworks */ = {isa = PBXBuildFile; fileRef = 25BE4BC7EDB2F1734FF3E333 /* Pods_typing_speed_test_typing_speed_testUITests.framework */; };
		F27C26A3EC705B4DF3F5EA01 /* Pods_typing_speed_test.framework in Frameworks */ = {isa = PBXBuildFile; fileRef = B283DD696F6E0B62A8D7F693 /* Pods_typing_speed_test.framework */; };
/* End PBXBuildFile section */

/* Begin PBXContainerItemProxy section */
		DAD0F241295D4819007013BE /* PBXContainerItemProxy */ = {
			isa = PBXContainerItemProxy;
			containerPortal = DAD0F21F295D4818007013BE /* Project object */;
			proxyType = 1;
			remoteGlobalIDString = DAD0F226295D4818007013BE;
			remoteInfo = typing_speed_test;
		};
		DAD0F24B295D4819007013BE /* PBXContainerItemProxy */ = {
			isa = PBXContainerItemProxy;
			containerPortal = DAD0F21F295D4818007013BE /* Project object */;
			proxyType = 1;
			remoteGlobalIDString = DAD0F226295D4818007013BE;
			remoteInfo = typing_speed_test;
		};
/* End PBXContainerItemProxy section */

/* Begin PBXFileReference section */
		1D2A5B2A29AAD96C00748318 /* ProfileViewController.swift */ = {isa = PBXFileReference; lastKnownFileType = sourcecode.swift; path = ProfileViewController.swift; sourceTree = "<group>"; };
		25BE4BC7EDB2F1734FF3E333 /* Pods_typing_speed_test_typing_speed_testUITests.framework */ = {isa = PBXFileReference; explicitFileType = wrapper.framework; includeInIndex = 0; path = Pods_typing_speed_test_typing_speed_testUITests.framework; sourceTree = BUILT_PRODUCTS_DIR; };
		36FF0AC530424C1C7BE16F0B /* Pods-typing_speed_test.debug.xcconfig */ = {isa = PBXFileReference; includeInIndex = 1; lastKnownFileType = text.xcconfig; name = "Pods-typing_speed_test.debug.xcconfig"; path = "Target Support Files/Pods-typing_speed_test/Pods-typing_speed_test.debug.xcconfig"; sourceTree = "<group>"; };
		4F5428DB9F5CBBFEFF5C5E3A /* Pods-typing_speed_test-typing_speed_testUITests.release.xcconfig */ = {isa = PBXFileReference; includeInIndex = 1; lastKnownFileType = text.xcconfig; name = "Pods-typing_speed_test-typing_speed_testUITests.release.xcconfig"; path = "Target Support Files/Pods-typing_speed_test-typing_speed_testUITests/Pods-typing_speed_test-typing_speed_testUITests.release.xcconfig"; sourceTree = "<group>"; };
		98DA6650DDBCFB17BC70CA8E /* Pods-typing_speed_test-typing_speed_testUITests.debug.xcconfig */ = {isa = PBXFileReference; includeInIndex = 1; lastKnownFileType = text.xcconfig; name = "Pods-typing_speed_test-typing_speed_testUITests.debug.xcconfig"; path = "Target Support Files/Pods-typing_speed_test-typing_speed_testUITests/Pods-typing_speed_test-typing_speed_testUITests.debug.xcconfig"; sourceTree = "<group>"; };
		9D28B5F978E66C8523F908DC /* Pods-typing_speed_testTests.debug.xcconfig */ = {isa = PBXFileReference; includeInIndex = 1; lastKnownFileType = text.xcconfig; name = "Pods-typing_speed_testTests.debug.xcconfig"; path = "Target Support Files/Pods-typing_speed_testTests/Pods-typing_speed_testTests.debug.xcconfig"; sourceTree = "<group>"; };
		AACBC90E6D196A846A76F20B /* Pods-typing_speed_test.release.xcconfig */ = {isa = PBXFileReference; includeInIndex = 1; lastKnownFileType = text.xcconfig; name = "Pods-typing_speed_test.release.xcconfig"; path = "Target Support Files/Pods-typing_speed_test/Pods-typing_speed_test.release.xcconfig"; sourceTree = "<group>"; };
		B283DD696F6E0B62A8D7F693 /* Pods_typing_speed_test.framework */ = {isa = PBXFileReference; explicitFileType = wrapper.framework; includeInIndex = 0; path = Pods_typing_speed_test.framework; sourceTree = BUILT_PRODUCTS_DIR; };
		BA0BD787FC632134E2E7BB97 /* Pods-typing_speed_testTests.release.xcconfig */ = {isa = PBXFileReference; includeInIndex = 1; lastKnownFileType = text.xcconfig; name = "Pods-typing_speed_testTests.release.xcconfig"; path = "Target Support Files/Pods-typing_speed_testTests/Pods-typing_speed_testTests.release.xcconfig"; sourceTree = "<group>"; };
		DA0C91E3296E8428002E9B34 /* SignInPageViewController.swift */ = {isa = PBXFileReference; lastKnownFileType = sourcecode.swift; path = SignInPageViewController.swift; sourceTree = "<group>"; };
		DA15C8082986337E00C002B2 /* userInfo.swift */ = {isa = PBXFileReference; lastKnownFileType = sourcecode.swift; path = userInfo.swift; sourceTree = "<group>"; };
		DA49F252296E802100162C15 /* MainViewController.swift */ = {isa = PBXFileReference; lastKnownFileType = sourcecode.swift; path = MainViewController.swift; sourceTree = "<group>"; };
		DA621D742996FC040055646A /* ForgetPasswordViewController.swift */ = {isa = PBXFileReference; lastKnownFileType = sourcecode.swift; path = ForgetPasswordViewController.swift; sourceTree = "<group>"; };
		DA6475FD2979C46300326534 /* validation.swift */ = {isa = PBXFileReference; lastKnownFileType = sourcecode.swift; path = validation.swift; sourceTree = "<group>"; };
		DAA0E9DC297B7862003C8FDE /* GoogleService-Info.plist */ = {isa = PBXFileReference; fileEncoding = 4; lastKnownFileType = text.plist.xml; path = "GoogleService-Info.plist"; sourceTree = "<group>"; };
		DAD0F227295D4818007013BE /* typing_speed_test.app */ = {isa = PBXFileReference; explicitFileType = wrapper.application; includeInIndex = 0; path = typing_speed_test.app; sourceTree = BUILT_PRODUCTS_DIR; };
		DAD0F22A295D4818007013BE /* AppDelegate.swift */ = {isa = PBXFileReference; lastKnownFileType = sourcecode.swift; path = AppDelegate.swift; sourceTree = "<group>"; };
		DAD0F22C295D4818007013BE /* SceneDelegate.swift */ = {isa = PBXFileReference; lastKnownFileType = sourcecode.swift; path = SceneDelegate.swift; sourceTree = "<group>"; };
		DAD0F22E295D4818007013BE /* SignUpPageViewController.swift */ = {isa = PBXFileReference; lastKnownFileType = sourcecode.swift; path = SignUpPageViewController.swift; sourceTree = "<group>"; };
		DAD0F231295D4818007013BE /* Base */ = {isa = PBXFileReference; lastKnownFileType = file.storyboard; name = Base; path = Base.lproj/Main.storyboard; sourceTree = "<group>"; };
		DAD0F234295D4818007013BE /* typing_speed_test.xcdatamodel */ = {isa = PBXFileReference; lastKnownFileType = wrapper.xcdatamodel; path = typing_speed_test.xcdatamodel; sourceTree = "<group>"; };
		DAD0F236295D4819007013BE /* Assets.xcassets */ = {isa = PBXFileReference; lastKnownFileType = folder.assetcatalog; path = Assets.xcassets; sourceTree = "<group>"; };
		DAD0F239295D4819007013BE /* Base */ = {isa = PBXFileReference; lastKnownFileType = file.storyboard; name = Base; path = Base.lproj/LaunchScreen.storyboard; sourceTree = "<group>"; };
		DAD0F23B295D4819007013BE /* Info.plist */ = {isa = PBXFileReference; lastKnownFileType = text.plist.xml; path = Info.plist; sourceTree = "<group>"; };
		DAD0F240295D4819007013BE /* typing_speed_testTests.xctest */ = {isa = PBXFileReference; explicitFileType = wrapper.cfbundle; includeInIndex = 0; path = typing_speed_testTests.xctest; sourceTree = BUILT_PRODUCTS_DIR; };
		DAD0F244295D4819007013BE /* typing_speed_testTests.swift */ = {isa = PBXFileReference; lastKnownFileType = sourcecode.swift; path = typing_speed_testTests.swift; sourceTree = "<group>"; };
		DAD0F24A295D4819007013BE /* typing_speed_testUITests.xctest */ = {isa = PBXFileReference; explicitFileType = wrapper.cfbundle; includeInIndex = 0; path = typing_speed_testUITests.xctest; sourceTree = BUILT_PRODUCTS_DIR; };
		DAD0F24E295D4819007013BE /* typing_speed_testUITests.swift */ = {isa = PBXFileReference; lastKnownFileType = sourcecode.swift; path = typing_speed_testUITests.swift; sourceTree = "<group>"; };
		DAD0F250295D4819007013BE /* typing_speed_testUITestsLaunchTests.swift */ = {isa = PBXFileReference; lastKnownFileType = sourcecode.swift; path = typing_speed_testUITestsLaunchTests.swift; sourceTree = "<group>"; };
		DAD0F25F295D4D24007013BE /* README.md */ = {isa = PBXFileReference; lastKnownFileType = net.daringfireball.markdown; path = README.md; sourceTree = "<group>"; };
		E3A8F9C1D7ECA378473D84FF /* Pods_typing_speed_testTests.framework */ = {isa = PBXFileReference; explicitFileType = wrapper.framework; includeInIndex = 0; path = Pods_typing_speed_testTests.framework; sourceTree = BUILT_PRODUCTS_DIR; };
/* End PBXFileReference section */

/* Begin PBXFrameworksBuildPhase section */
		DAD0F224295D4818007013BE /* Frameworks */ = {
			isa = PBXFrameworksBuildPhase;
			buildActionMask = 2147483647;
			files = (
				F27C26A3EC705B4DF3F5EA01 /* Pods_typing_speed_test.framework in Frameworks */,
			);
			runOnlyForDeploymentPostprocessing = 0;
		};
		DAD0F23D295D4819007013BE /* Frameworks */ = {
			isa = PBXFrameworksBuildPhase;
			buildActionMask = 2147483647;
			files = (
				8BA74532386BBAC3F6DDBFED /* Pods_typing_speed_testTests.framework in Frameworks */,
			);
			runOnlyForDeploymentPostprocessing = 0;
		};
		DAD0F247295D4819007013BE /* Frameworks */ = {
			isa = PBXFrameworksBuildPhase;
			buildActionMask = 2147483647;
			files = (
				E35CF153E8C2948EA2748B23 /* Pods_typing_speed_test_typing_speed_testUITests.framework in Frameworks */,
			);
			runOnlyForDeploymentPostprocessing = 0;
		};
/* End PBXFrameworksBuildPhase section */

/* Begin PBXGroup section */
		666397A54E6D99138A43C159 /* Pods */ = {
			isa = PBXGroup;
			children = (
				36FF0AC530424C1C7BE16F0B /* Pods-typing_speed_test.debug.xcconfig */,
				AACBC90E6D196A846A76F20B /* Pods-typing_speed_test.release.xcconfig */,
				98DA6650DDBCFB17BC70CA8E /* Pods-typing_speed_test-typing_speed_testUITests.debug.xcconfig */,
				4F5428DB9F5CBBFEFF5C5E3A /* Pods-typing_speed_test-typing_speed_testUITests.release.xcconfig */,
				9D28B5F978E66C8523F908DC /* Pods-typing_speed_testTests.debug.xcconfig */,
				BA0BD787FC632134E2E7BB97 /* Pods-typing_speed_testTests.release.xcconfig */,
			);
			path = Pods;
			sourceTree = "<group>";
		};
		C15DE99D15CF9DE37F49D6DD /* Frameworks */ = {
			isa = PBXGroup;
			children = (
				B283DD696F6E0B62A8D7F693 /* Pods_typing_speed_test.framework */,
				25BE4BC7EDB2F1734FF3E333 /* Pods_typing_speed_test_typing_speed_testUITests.framework */,
				E3A8F9C1D7ECA378473D84FF /* Pods_typing_speed_testTests.framework */,
			);
			name = Frameworks;
			sourceTree = "<group>";
		};
		DA49F250296E7DC900162C15 /* View */ = {
			isa = PBXGroup;
			children = (
				DAD0F230295D4818007013BE /* Main.storyboard */,
			);
			path = View;
			sourceTree = "<group>";
		};
		DA49F251296E7DE200162C15 /* Controller */ = {
			isa = PBXGroup;
			children = (
				DA0C91E3296E8428002E9B34 /* SignInPageViewController.swift */,
				DAD0F22E295D4818007013BE /* SignUpPageViewController.swift */,
				DA49F252296E802100162C15 /* MainViewController.swift */,
				DA621D742996FC040055646A /* ForgetPasswordViewController.swift */,
				1D2A5B2A29AAD96C00748318 /* ProfileViewController.swift */,
			);
			path = Controller;
			sourceTree = "<group>";
		};
		DA6475FF2979C46800326534 /* Model */ = {
			isa = PBXGroup;
			children = (
				DA6475FD2979C46300326534 /* validation.swift */,
				DA15C8082986337E00C002B2 /* userInfo.swift */,
			);
			path = Model;
			sourceTree = "<group>";
		};
		DAD0F21E295D4818007013BE = {
			isa = PBXGroup;
			children = (
				DAD0F25F295D4D24007013BE /* README.md */,
				DAD0F229295D4818007013BE /* typing_speed_test */,
				DAD0F243295D4819007013BE /* typing_speed_testTests */,
				DAD0F24D295D4819007013BE /* typing_speed_testUITests */,
				DAD0F228295D4818007013BE /* Products */,
				666397A54E6D99138A43C159 /* Pods */,
				C15DE99D15CF9DE37F49D6DD /* Frameworks */,
			);
			sourceTree = "<group>";
		};
		DAD0F228295D4818007013BE /* Products */ = {
			isa = PBXGroup;
			children = (
				DAD0F227295D4818007013BE /* typing_speed_test.app */,
				DAD0F240295D4819007013BE /* typing_speed_testTests.xctest */,
				DAD0F24A295D4819007013BE /* typing_speed_testUITests.xctest */,
			);
			name = Products;
			sourceTree = "<group>";
		};
		DAD0F229295D4818007013BE /* typing_speed_test */ = {
			isa = PBXGroup;
			children = (
				DAA0E9DC297B7862003C8FDE /* GoogleService-Info.plist */,
				DAD0F22A295D4818007013BE /* AppDelegate.swift */,
				DAD0F22C295D4818007013BE /* SceneDelegate.swift */,
				DA49F251296E7DE200162C15 /* Controller */,
				DA49F250296E7DC900162C15 /* View */,
				DA6475FF2979C46800326534 /* Model */,
				DAD0F236295D4819007013BE /* Assets.xcassets */,
				DAD0F238295D4819007013BE /* LaunchScreen.storyboard */,
				DAD0F23B295D4819007013BE /* Info.plist */,
				DAD0F233295D4818007013BE /* typing_speed_test.xcdatamodeld */,
			);
			path = typing_speed_test;
			sourceTree = "<group>";
		};
		DAD0F243295D4819007013BE /* typing_speed_testTests */ = {
			isa = PBXGroup;
			children = (
				DAD0F244295D4819007013BE /* typing_speed_testTests.swift */,
			);
			path = typing_speed_testTests;
			sourceTree = "<group>";
		};
		DAD0F24D295D4819007013BE /* typing_speed_testUITests */ = {
			isa = PBXGroup;
			children = (
				DAD0F24E295D4819007013BE /* typing_speed_testUITests.swift */,
				DAD0F250295D4819007013BE /* typing_speed_testUITestsLaunchTests.swift */,
			);
			path = typing_speed_testUITests;
			sourceTree = "<group>";
		};
/* End PBXGroup section */

/* Begin PBXNativeTarget section */
		DAD0F226295D4818007013BE /* typing_speed_test */ = {
			isa = PBXNativeTarget;
			buildConfigurationList = DAD0F254295D4819007013BE /* Build configuration list for PBXNativeTarget "typing_speed_test" */;
			buildPhases = (
				381CD52A0D9BB18584924CD7 /* [CP] Check Pods Manifest.lock */,
				DAD0F223295D4818007013BE /* Sources */,
				DAD0F224295D4818007013BE /* Frameworks */,
				DAD0F225295D4818007013BE /* Resources */,
				79F32F7D59750074D50BBA53 /* [CP] Embed Pods Frameworks */,
			);
			buildRules = (
			);
			dependencies = (
			);
			name = typing_speed_test;
			productName = typing_speed_test;
			productReference = DAD0F227295D4818007013BE /* typing_speed_test.app */;
			productType = "com.apple.product-type.application";
		};
		DAD0F23F295D4819007013BE /* typing_speed_testTests */ = {
			isa = PBXNativeTarget;
			buildConfigurationList = DAD0F257295D4819007013BE /* Build configuration list for PBXNativeTarget "typing_speed_testTests" */;
			buildPhases = (
				5571AA3F259753D751900285 /* [CP] Check Pods Manifest.lock */,
				DAD0F23C295D4819007013BE /* Sources */,
				DAD0F23D295D4819007013BE /* Frameworks */,
				DAD0F23E295D4819007013BE /* Resources */,
				3C8B083C286F02FF0A071D5B /* [CP] Embed Pods Frameworks */,
			);
			buildRules = (
			);
			dependencies = (
				DAD0F242295D4819007013BE /* PBXTargetDependency */,
			);
			name = typing_speed_testTests;
			productName = typing_speed_testTests;
			productReference = DAD0F240295D4819007013BE /* typing_speed_testTests.xctest */;
			productType = "com.apple.product-type.bundle.unit-test";
		};
		DAD0F249295D4819007013BE /* typing_speed_testUITests */ = {
			isa = PBXNativeTarget;
			buildConfigurationList = DAD0F25A295D4819007013BE /* Build configuration list for PBXNativeTarget "typing_speed_testUITests" */;
			buildPhases = (
				39EF4FB99CBDCB927B0B9A76 /* [CP] Check Pods Manifest.lock */,
				DAD0F246295D4819007013BE /* Sources */,
				DAD0F247295D4819007013BE /* Frameworks */,
				DAD0F248295D4819007013BE /* Resources */,
				D0CC243D0A0A9AAE29A608AD /* [CP] Embed Pods Frameworks */,
			);
			buildRules = (
			);
			dependencies = (
				DAD0F24C295D4819007013BE /* PBXTargetDependency */,
			);
			name = typing_speed_testUITests;
			productName = typing_speed_testUITests;
			productReference = DAD0F24A295D4819007013BE /* typing_speed_testUITests.xctest */;
			productType = "com.apple.product-type.bundle.ui-testing";
		};
/* End PBXNativeTarget section */

/* Begin PBXProject section */
		DAD0F21F295D4818007013BE /* Project object */ = {
			isa = PBXProject;
			attributes = {
				BuildIndependentTargetsInParallel = 1;
				LastSwiftUpdateCheck = 1420;
				LastUpgradeCheck = 1420;
				TargetAttributes = {
					DAD0F226295D4818007013BE = {
						CreatedOnToolsVersion = 14.2;
					};
					DAD0F23F295D4819007013BE = {
						CreatedOnToolsVersion = 14.2;
						TestTargetID = DAD0F226295D4818007013BE;
					};
					DAD0F249295D4819007013BE = {
						CreatedOnToolsVersion = 14.2;
						TestTargetID = DAD0F226295D4818007013BE;
					};
				};
			};
			buildConfigurationList = DAD0F222295D4818007013BE /* Build configuration list for PBXProject "typing_speed_test" */;
			compatibilityVersion = "Xcode 14.0";
			developmentRegion = en;
			hasScannedForEncodings = 0;
			knownRegions = (
				en,
				Base,
			);
			mainGroup = DAD0F21E295D4818007013BE;
			productRefGroup = DAD0F228295D4818007013BE /* Products */;
			projectDirPath = "";
			projectRoot = "";
			targets = (
				DAD0F226295D4818007013BE /* typing_speed_test */,
				DAD0F23F295D4819007013BE /* typing_speed_testTests */,
				DAD0F249295D4819007013BE /* typing_speed_testUITests */,
			);
		};
/* End PBXProject section */

/* Begin PBXResourcesBuildPhase section */
		DAD0F225295D4818007013BE /* Resources */ = {
			isa = PBXResourcesBuildPhase;
			buildActionMask = 2147483647;
			files = (
				DAD0F23A295D4819007013BE /* LaunchScreen.storyboard in Resources */,
				DAA0E9DD297B7862003C8FDE /* GoogleService-Info.plist in Resources */,
				DAD0F237295D4819007013BE /* Assets.xcassets in Resources */,
				DAD0F232295D4818007013BE /* Main.storyboard in Resources */,
			);
			runOnlyForDeploymentPostprocessing = 0;
		};
		DAD0F23E295D4819007013BE /* Resources */ = {
			isa = PBXResourcesBuildPhase;
			buildActionMask = 2147483647;
			files = (
				DAA0E9DE297B7862003C8FDE /* GoogleService-Info.plist in Resources */,
			);
			runOnlyForDeploymentPostprocessing = 0;
		};
		DAD0F248295D4819007013BE /* Resources */ = {
			isa = PBXResourcesBuildPhase;
			buildActionMask = 2147483647;
			files = (
				DAA0E9DF297B7862003C8FDE /* GoogleService-Info.plist in Resources */,
			);
			runOnlyForDeploymentPostprocessing = 0;
		};
/* End PBXResourcesBuildPhase section */

/* Begin PBXShellScriptBuildPhase section */
		381CD52A0D9BB18584924CD7 /* [CP] Check Pods Manifest.lock */ = {
			isa = PBXShellScriptBuildPhase;
			buildActionMask = 2147483647;
			files = (
			);
			inputFileListPaths = (
			);
			inputPaths = (
				"${PODS_PODFILE_DIR_PATH}/Podfile.lock",
				"${PODS_ROOT}/Manifest.lock",
			);
			name = "[CP] Check Pods Manifest.lock";
			outputFileListPaths = (
			);
			outputPaths = (
				"$(DERIVED_FILE_DIR)/Pods-typing_speed_test-checkManifestLockResult.txt",
			);
			runOnlyForDeploymentPostprocessing = 0;
			shellPath = /bin/sh;
			shellScript = "diff \"${PODS_PODFILE_DIR_PATH}/Podfile.lock\" \"${PODS_ROOT}/Manifest.lock\" > /dev/null\nif [ $? != 0 ] ; then\n    # print error to STDERR\n    echo \"error: The sandbox is not in sync with the Podfile.lock. Run 'pod install' or update your CocoaPods installation.\" >&2\n    exit 1\nfi\n# This output is used by Xcode 'outputs' to avoid re-running this script phase.\necho \"SUCCESS\" > \"${SCRIPT_OUTPUT_FILE_0}\"\n";
			showEnvVarsInLog = 0;
		};
		39EF4FB99CBDCB927B0B9A76 /* [CP] Check Pods Manifest.lock */ = {
			isa = PBXShellScriptBuildPhase;
			buildActionMask = 2147483647;
			files = (
			);
			inputFileListPaths = (
			);
			inputPaths = (
				"${PODS_PODFILE_DIR_PATH}/Podfile.lock",
				"${PODS_ROOT}/Manifest.lock",
			);
			name = "[CP] Check Pods Manifest.lock";
			outputFileListPaths = (
			);
			outputPaths = (
				"$(DERIVED_FILE_DIR)/Pods-typing_speed_test-typing_speed_testUITests-checkManifestLockResult.txt",
			);
			runOnlyForDeploymentPostprocessing = 0;
			shellPath = /bin/sh;
			shellScript = "diff \"${PODS_PODFILE_DIR_PATH}/Podfile.lock\" \"${PODS_ROOT}/Manifest.lock\" > /dev/null\nif [ $? != 0 ] ; then\n    # print error to STDERR\n    echo \"error: The sandbox is not in sync with the Podfile.lock. Run 'pod install' or update your CocoaPods installation.\" >&2\n    exit 1\nfi\n# This output is used by Xcode 'outputs' to avoid re-running this script phase.\necho \"SUCCESS\" > \"${SCRIPT_OUTPUT_FILE_0}\"\n";
			showEnvVarsInLog = 0;
		};
		3C8B083C286F02FF0A071D5B /* [CP] Embed Pods Frameworks */ = {
			isa = PBXShellScriptBuildPhase;
			buildActionMask = 2147483647;
			files = (
			);
			inputFileListPaths = (
				"${PODS_ROOT}/Target Support Files/Pods-typing_speed_testTests/Pods-typing_speed_testTests-frameworks-${CONFIGURATION}-input-files.xcfilelist",
			);
			name = "[CP] Embed Pods Frameworks";
			outputFileListPaths = (
				"${PODS_ROOT}/Target Support Files/Pods-typing_speed_testTests/Pods-typing_speed_testTests-frameworks-${CONFIGURATION}-output-files.xcfilelist",
			);
			runOnlyForDeploymentPostprocessing = 0;
			shellPath = /bin/sh;
			shellScript = "\"${PODS_ROOT}/Target Support Files/Pods-typing_speed_testTests/Pods-typing_speed_testTests-frameworks.sh\"\n";
			showEnvVarsInLog = 0;
		};
		5571AA3F259753D751900285 /* [CP] Check Pods Manifest.lock */ = {
			isa = PBXShellScriptBuildPhase;
			buildActionMask = 2147483647;
			files = (
			);
			inputFileListPaths = (
			);
			inputPaths = (
				"${PODS_PODFILE_DIR_PATH}/Podfile.lock",
				"${PODS_ROOT}/Manifest.lock",
			);
			name = "[CP] Check Pods Manifest.lock";
			outputFileListPaths = (
			);
			outputPaths = (
				"$(DERIVED_FILE_DIR)/Pods-typing_speed_testTests-checkManifestLockResult.txt",
			);
			runOnlyForDeploymentPostprocessing = 0;
			shellPath = /bin/sh;
			shellScript = "diff \"${PODS_PODFILE_DIR_PATH}/Podfile.lock\" \"${PODS_ROOT}/Manifest.lock\" > /dev/null\nif [ $? != 0 ] ; then\n    # print error to STDERR\n    echo \"error: The sandbox is not in sync with the Podfile.lock. Run 'pod install' or update your CocoaPods installation.\" >&2\n    exit 1\nfi\n# This output is used by Xcode 'outputs' to avoid re-running this script phase.\necho \"SUCCESS\" > \"${SCRIPT_OUTPUT_FILE_0}\"\n";
			showEnvVarsInLog = 0;
		};
		79F32F7D59750074D50BBA53 /* [CP] Embed Pods Frameworks */ = {
			isa = PBXShellScriptBuildPhase;
			buildActionMask = 2147483647;
			files = (
			);
			inputFileListPaths = (
				"${PODS_ROOT}/Target Support Files/Pods-typing_speed_test/Pods-typing_speed_test-frameworks-${CONFIGURATION}-input-files.xcfilelist",
			);
			name = "[CP] Embed Pods Frameworks";
			outputFileListPaths = (
				"${PODS_ROOT}/Target Support Files/Pods-typing_speed_test/Pods-typing_speed_test-frameworks-${CONFIGURATION}-output-files.xcfilelist",
			);
			runOnlyForDeploymentPostprocessing = 0;
			shellPath = /bin/sh;
			shellScript = "\"${PODS_ROOT}/Target Support Files/Pods-typing_speed_test/Pods-typing_speed_test-frameworks.sh\"\n";
			showEnvVarsInLog = 0;
		};
		D0CC243D0A0A9AAE29A608AD /* [CP] Embed Pods Frameworks */ = {
			isa = PBXShellScriptBuildPhase;
			buildActionMask = 2147483647;
			files = (
			);
			inputFileListPaths = (
				"${PODS_ROOT}/Target Support Files/Pods-typing_speed_test-typing_speed_testUITests/Pods-typing_speed_test-typing_speed_testUITests-frameworks-${CONFIGURATION}-input-files.xcfilelist",
			);
			name = "[CP] Embed Pods Frameworks";
			outputFileListPaths = (
				"${PODS_ROOT}/Target Support Files/Pods-typing_speed_test-typing_speed_testUITests/Pods-typing_speed_test-typing_speed_testUITests-frameworks-${CONFIGURATION}-output-files.xcfilelist",
			);
			runOnlyForDeploymentPostprocessing = 0;
			shellPath = /bin/sh;
			shellScript = "\"${PODS_ROOT}/Target Support Files/Pods-typing_speed_test-typing_speed_testUITests/Pods-typing_speed_test-typing_speed_testUITests-frameworks.sh\"\n";
			showEnvVarsInLog = 0;
		};
/* End PBXShellScriptBuildPhase section */

/* Begin PBXSourcesBuildPhase section */
		DAD0F223295D4818007013BE /* Sources */ = {
			isa = PBXSourcesBuildPhase;
			buildActionMask = 2147483647;
			files = (
				DA49F253296E802100162C15 /* MainViewController.swift in Sources */,
				DAD0F235295D4818007013BE /* typing_speed_test.xcdatamodeld in Sources */,
				1D2A5B2B29AAD96C00748318 /* ProfileViewController.swift in Sources */,
				DAD0F22F295D4818007013BE /* SignUpPageViewController.swift in Sources */,
				DA6475FE2979C46300326534 /* validation.swift in Sources */,
				DA621D752996FC040055646A /* ForgetPasswordViewController.swift in Sources */,
				DA15C8092986337E00C002B2 /* userInfo.swift in Sources */,
				DA0C91E4296E8428002E9B34 /* SignInPageViewController.swift in Sources */,
				DAD0F22B295D4818007013BE /* AppDelegate.swift in Sources */,
				DAD0F22D295D4818007013BE /* SceneDelegate.swift in Sources */,
			);
			runOnlyForDeploymentPostprocessing = 0;
		};
		DAD0F23C295D4819007013BE /* Sources */ = {
			isa = PBXSourcesBuildPhase;
			buildActionMask = 2147483647;
			files = (
				DAD0F245295D4819007013BE /* typing_speed_testTests.swift in Sources */,
			);
			runOnlyForDeploymentPostprocessing = 0;
		};
		DAD0F246295D4819007013BE /* Sources */ = {
			isa = PBXSourcesBuildPhase;
			buildActionMask = 2147483647;
			files = (
				DAD0F24F295D4819007013BE /* typing_speed_testUITests.swift in Sources */,
				DAD0F251295D4819007013BE /* typing_speed_testUITestsLaunchTests.swift in Sources */,
			);
			runOnlyForDeploymentPostprocessing = 0;
		};
/* End PBXSourcesBuildPhase section */

/* Begin PBXTargetDependency section */
		DAD0F242295D4819007013BE /* PBXTargetDependency */ = {
			isa = PBXTargetDependency;
			target = DAD0F226295D4818007013BE /* typing_speed_test */;
			targetProxy = DAD0F241295D4819007013BE /* PBXContainerItemProxy */;
		};
		DAD0F24C295D4819007013BE /* PBXTargetDependency */ = {
			isa = PBXTargetDependency;
			target = DAD0F226295D4818007013BE /* typing_speed_test */;
			targetProxy = DAD0F24B295D4819007013BE /* PBXContainerItemProxy */;
		};
/* End PBXTargetDependency section */

/* Begin PBXVariantGroup section */
		DAD0F230295D4818007013BE /* Main.storyboard */ = {
			isa = PBXVariantGroup;
			children = (
				DAD0F231295D4818007013BE /* Base */,
			);
			name = Main.storyboard;
			sourceTree = "<group>";
		};
		DAD0F238295D4819007013BE /* LaunchScreen.storyboard */ = {
			isa = PBXVariantGroup;
			children = (
				DAD0F239295D4819007013BE /* Base */,
			);
			name = LaunchScreen.storyboard;
			sourceTree = "<group>";
		};
/* End PBXVariantGroup section */

/* Begin XCBuildConfiguration section */
		DAD0F252295D4819007013BE /* Debug */ = {
			isa = XCBuildConfiguration;
			buildSettings = {
				ALWAYS_SEARCH_USER_PATHS = NO;
				CLANG_ANALYZER_NONNULL = YES;
				CLANG_ANALYZER_NUMBER_OBJECT_CONVERSION = YES_AGGRESSIVE;
				CLANG_CXX_LANGUAGE_STANDARD = "gnu++20";
				CLANG_ENABLE_MODULES = YES;
				CLANG_ENABLE_OBJC_ARC = YES;
				CLANG_ENABLE_OBJC_WEAK = YES;
				CLANG_WARN_BLOCK_CAPTURE_AUTORELEASING = YES;
				CLANG_WARN_BOOL_CONVERSION = YES;
				CLANG_WARN_COMMA = YES;
				CLANG_WARN_CONSTANT_CONVERSION = YES;
				CLANG_WARN_DEPRECATED_OBJC_IMPLEMENTATIONS = YES;
				CLANG_WARN_DIRECT_OBJC_ISA_USAGE = YES_ERROR;
				CLANG_WARN_DOCUMENTATION_COMMENTS = YES;
				CLANG_WARN_EMPTY_BODY = YES;
				CLANG_WARN_ENUM_CONVERSION = YES;
				CLANG_WARN_INFINITE_RECURSION = YES;
				CLANG_WARN_INT_CONVERSION = YES;
				CLANG_WARN_NON_LITERAL_NULL_CONVERSION = YES;
				CLANG_WARN_OBJC_IMPLICIT_RETAIN_SELF = YES;
				CLANG_WARN_OBJC_LITERAL_CONVERSION = YES;
				CLANG_WARN_OBJC_ROOT_CLASS = YES_ERROR;
				CLANG_WARN_QUOTED_INCLUDE_IN_FRAMEWORK_HEADER = YES;
				CLANG_WARN_RANGE_LOOP_ANALYSIS = YES;
				CLANG_WARN_STRICT_PROTOTYPES = YES;
				CLANG_WARN_SUSPICIOUS_MOVE = YES;
				CLANG_WARN_UNGUARDED_AVAILABILITY = YES_AGGRESSIVE;
				CLANG_WARN_UNREACHABLE_CODE = YES;
				CLANG_WARN__DUPLICATE_METHOD_MATCH = YES;
				COPY_PHASE_STRIP = NO;
				DEBUG_INFORMATION_FORMAT = dwarf;
				ENABLE_STRICT_OBJC_MSGSEND = YES;
				ENABLE_TESTABILITY = YES;
				GCC_C_LANGUAGE_STANDARD = gnu11;
				GCC_DYNAMIC_NO_PIC = NO;
				GCC_NO_COMMON_BLOCKS = YES;
				GCC_OPTIMIZATION_LEVEL = 0;
				GCC_PREPROCESSOR_DEFINITIONS = (
					"DEBUG=1",
					"$(inherited)",
				);
				GCC_WARN_64_TO_32_BIT_CONVERSION = YES;
				GCC_WARN_ABOUT_RETURN_TYPE = YES_ERROR;
				GCC_WARN_UNDECLARED_SELECTOR = YES;
				GCC_WARN_UNINITIALIZED_AUTOS = YES_AGGRESSIVE;
				GCC_WARN_UNUSED_FUNCTION = YES;
				GCC_WARN_UNUSED_VARIABLE = YES;
				IPHONEOS_DEPLOYMENT_TARGET = 16.2;
				MTL_ENABLE_DEBUG_INFO = INCLUDE_SOURCE;
				MTL_FAST_MATH = YES;
				ONLY_ACTIVE_ARCH = YES;
				SDKROOT = iphoneos;
				SWIFT_ACTIVE_COMPILATION_CONDITIONS = DEBUG;
				SWIFT_OPTIMIZATION_LEVEL = "-Onone";
			};
			name = Debug;
		};
		DAD0F253295D4819007013BE /* Release */ = {
			isa = XCBuildConfiguration;
			buildSettings = {
				ALWAYS_SEARCH_USER_PATHS = NO;
				CLANG_ANALYZER_NONNULL = YES;
				CLANG_ANALYZER_NUMBER_OBJECT_CONVERSION = YES_AGGRESSIVE;
				CLANG_CXX_LANGUAGE_STANDARD = "gnu++20";
				CLANG_ENABLE_MODULES = YES;
				CLANG_ENABLE_OBJC_ARC = YES;
				CLANG_ENABLE_OBJC_WEAK = YES;
				CLANG_WARN_BLOCK_CAPTURE_AUTORELEASING = YES;
				CLANG_WARN_BOOL_CONVERSION = YES;
				CLANG_WARN_COMMA = YES;
				CLANG_WARN_CONSTANT_CONVERSION = YES;
				CLANG_WARN_DEPRECATED_OBJC_IMPLEMENTATIONS = YES;
				CLANG_WARN_DIRECT_OBJC_ISA_USAGE = YES_ERROR;
				CLANG_WARN_DOCUMENTATION_COMMENTS = YES;
				CLANG_WARN_EMPTY_BODY = YES;
				CLANG_WARN_ENUM_CONVERSION = YES;
				CLANG_WARN_INFINITE_RECURSION = YES;
				CLANG_WARN_INT_CONVERSION = YES;
				CLANG_WARN_NON_LITERAL_NULL_CONVERSION = YES;
				CLANG_WARN_OBJC_IMPLICIT_RETAIN_SELF = YES;
				CLANG_WARN_OBJC_LITERAL_CONVERSION = YES;
				CLANG_WARN_OBJC_ROOT_CLASS = YES_ERROR;
				CLANG_WARN_QUOTED_INCLUDE_IN_FRAMEWORK_HEADER = YES;
				CLANG_WARN_RANGE_LOOP_ANALYSIS = YES;
				CLANG_WARN_STRICT_PROTOTYPES = YES;
				CLANG_WARN_SUSPICIOUS_MOVE = YES;
				CLANG_WARN_UNGUARDED_AVAILABILITY = YES_AGGRESSIVE;
				CLANG_WARN_UNREACHABLE_CODE = YES;
				CLANG_WARN__DUPLICATE_METHOD_MATCH = YES;
				COPY_PHASE_STRIP = NO;
				DEBUG_INFORMATION_FORMAT = "dwarf-with-dsym";
				ENABLE_NS_ASSERTIONS = NO;
				ENABLE_STRICT_OBJC_MSGSEND = YES;
				GCC_C_LANGUAGE_STANDARD = gnu11;
				GCC_NO_COMMON_BLOCKS = YES;
				GCC_WARN_64_TO_32_BIT_CONVERSION = YES;
				GCC_WARN_ABOUT_RETURN_TYPE = YES_ERROR;
				GCC_WARN_UNDECLARED_SELECTOR = YES;
				GCC_WARN_UNINITIALIZED_AUTOS = YES_AGGRESSIVE;
				GCC_WARN_UNUSED_FUNCTION = YES;
				GCC_WARN_UNUSED_VARIABLE = YES;
				IPHONEOS_DEPLOYMENT_TARGET = 16.2;
				MTL_ENABLE_DEBUG_INFO = NO;
				MTL_FAST_MATH = YES;
				SDKROOT = iphoneos;
				SWIFT_COMPILATION_MODE = wholemodule;
				SWIFT_OPTIMIZATION_LEVEL = "-O";
				VALIDATE_PRODUCT = YES;
			};
			name = Release;
		};
		DAD0F255295D4819007013BE /* Debug */ = {
			isa = XCBuildConfiguration;
			baseConfigurationReference = 36FF0AC530424C1C7BE16F0B /* Pods-typing_speed_test.debug.xcconfig */;
			buildSettings = {
				ASSETCATALOG_COMPILER_APPICON_NAME = AppIcon;
				ASSETCATALOG_COMPILER_GLOBAL_ACCENT_COLOR_NAME = AccentColor;
				CODE_SIGN_STYLE = Automatic;
				CURRENT_PROJECT_VERSION = 1;
				GENERATE_INFOPLIST_FILE = YES;
				INFOPLIST_FILE = typing_speed_test/Info.plist;
				INFOPLIST_KEY_UIApplicationSupportsIndirectInputEvents = YES;
				INFOPLIST_KEY_UILaunchStoryboardName = LaunchScreen;
				INFOPLIST_KEY_UIMainStoryboardFile = Main;
				INFOPLIST_KEY_UISupportedInterfaceOrientations_iPad = "UIInterfaceOrientationPortrait UIInterfaceOrientationPortraitUpsideDown UIInterfaceOrientationLandscapeLeft UIInterfaceOrientationLandscapeRight";
				INFOPLIST_KEY_UISupportedInterfaceOrientations_iPhone = "UIInterfaceOrientationPortrait UIInterfaceOrientationLandscapeLeft UIInterfaceOrientationLandscapeRight";
				LD_RUNPATH_SEARCH_PATHS = (
					"$(inherited)",
					"@executable_path/Frameworks",
				);
				MARKETING_VERSION = 1.0;
				PRODUCT_BUNDLE_IDENTIFIER = "com.iosDeveloper.typing-speed-test";
				PRODUCT_NAME = "$(TARGET_NAME)";
				SWIFT_EMIT_LOC_STRINGS = YES;
				SWIFT_VERSION = 5.0;
				TARGETED_DEVICE_FAMILY = "1,2";
			};
			name = Debug;
		};
		DAD0F256295D4819007013BE /* Release */ = {
			isa = XCBuildConfiguration;
			baseConfigurationReference = AACBC90E6D196A846A76F20B /* Pods-typing_speed_test.release.xcconfig */;
			buildSettings = {
				ASSETCATALOG_COMPILER_APPICON_NAME = AppIcon;
				ASSETCATALOG_COMPILER_GLOBAL_ACCENT_COLOR_NAME = AccentColor;
				CODE_SIGN_STYLE = Automatic;
				CURRENT_PROJECT_VERSION = 1;
				GENERATE_INFOPLIST_FILE = YES;
				INFOPLIST_FILE = typing_speed_test/Info.plist;
				INFOPLIST_KEY_UIApplicationSupportsIndirectInputEvents = YES;
				INFOPLIST_KEY_UILaunchStoryboardName = LaunchScreen;
				INFOPLIST_KEY_UIMainStoryboardFile = Main;
				INFOPLIST_KEY_UISupportedInterfaceOrientations_iPad = "UIInterfaceOrientationPortrait UIInterfaceOrientationPortraitUpsideDown UIInterfaceOrientationLandscapeLeft UIInterfaceOrientationLandscapeRight";
				INFOPLIST_KEY_UISupportedInterfaceOrientations_iPhone = "UIInterfaceOrientationPortrait UIInterfaceOrientationLandscapeLeft UIInterfaceOrientationLandscapeRight";
				LD_RUNPATH_SEARCH_PATHS = (
					"$(inherited)",
					"@executable_path/Frameworks",
				);
				MARKETING_VERSION = 1.0;
				PRODUCT_BUNDLE_IDENTIFIER = "com.iosDeveloper.typing-speed-test";
				PRODUCT_NAME = "$(TARGET_NAME)";
				SWIFT_EMIT_LOC_STRINGS = YES;
				SWIFT_VERSION = 5.0;
				TARGETED_DEVICE_FAMILY = "1,2";
			};
			name = Release;
		};
		DAD0F258295D4819007013BE /* Debug */ = {
			isa = XCBuildConfiguration;
			baseConfigurationReference = 9D28B5F978E66C8523F908DC /* Pods-typing_speed_testTests.debug.xcconfig */;
			buildSettings = {
				ALWAYS_EMBED_SWIFT_STANDARD_LIBRARIES = YES;
				BUNDLE_LOADER = "$(TEST_HOST)";
				CODE_SIGN_STYLE = Automatic;
				CURRENT_PROJECT_VERSION = 1;
				GENERATE_INFOPLIST_FILE = YES;
				IPHONEOS_DEPLOYMENT_TARGET = 16.2;
				MARKETING_VERSION = 1.0;
				PRODUCT_BUNDLE_IDENTIFIER = "com.iosDeveloper.typing-speed-testTests";
				PRODUCT_NAME = "$(TARGET_NAME)";
				SWIFT_EMIT_LOC_STRINGS = NO;
				SWIFT_VERSION = 5.0;
				TARGETED_DEVICE_FAMILY = "1,2";
				TEST_HOST = "$(BUILT_PRODUCTS_DIR)/typing_speed_test.app/$(BUNDLE_EXECUTABLE_FOLDER_PATH)/typing_speed_test";
			};
			name = Debug;
		};
		DAD0F259295D4819007013BE /* Release */ = {
			isa = XCBuildConfiguration;
			baseConfigurationReference = BA0BD787FC632134E2E7BB97 /* Pods-typing_speed_testTests.release.xcconfig */;
			buildSettings = {
				ALWAYS_EMBED_SWIFT_STANDARD_LIBRARIES = YES;
				BUNDLE_LOADER = "$(TEST_HOST)";
				CODE_SIGN_STYLE = Automatic;
				CURRENT_PROJECT_VERSION = 1;
				GENERATE_INFOPLIST_FILE = YES;
				IPHONEOS_DEPLOYMENT_TARGET = 16.2;
				MARKETING_VERSION = 1.0;
				PRODUCT_BUNDLE_IDENTIFIER = "com.iosDeveloper.typing-speed-testTests";
				PRODUCT_NAME = "$(TARGET_NAME)";
				SWIFT_EMIT_LOC_STRINGS = NO;
				SWIFT_VERSION = 5.0;
				TARGETED_DEVICE_FAMILY = "1,2";
				TEST_HOST = "$(BUILT_PRODUCTS_DIR)/typing_speed_test.app/$(BUNDLE_EXECUTABLE_FOLDER_PATH)/typing_speed_test";
			};
			name = Release;
		};
		DAD0F25B295D4819007013BE /* Debug */ = {
			isa = XCBuildConfiguration;
			baseConfigurationReference = 98DA6650DDBCFB17BC70CA8E /* Pods-typing_speed_test-typing_speed_testUITests.debug.xcconfig */;
			buildSettings = {
				ALWAYS_EMBED_SWIFT_STANDARD_LIBRARIES = YES;
				CODE_SIGN_STYLE = Automatic;
				CURRENT_PROJECT_VERSION = 1;
				GENERATE_INFOPLIST_FILE = YES;
				MARKETING_VERSION = 1.0;
				PRODUCT_BUNDLE_IDENTIFIER = "com.iosDeveloper.typing-speed-testUITests";
				PRODUCT_NAME = "$(TARGET_NAME)";
				SWIFT_EMIT_LOC_STRINGS = NO;
				SWIFT_VERSION = 5.0;
				TARGETED_DEVICE_FAMILY = "1,2";
				TEST_TARGET_NAME = typing_speed_test;
			};
			name = Debug;
		};
		DAD0F25C295D4819007013BE /* Release */ = {
			isa = XCBuildConfiguration;
			baseConfigurationReference = 4F5428DB9F5CBBFEFF5C5E3A /* Pods-typing_speed_test-typing_speed_testUITests.release.xcconfig */;
			buildSettings = {
				ALWAYS_EMBED_SWIFT_STANDARD_LIBRARIES = YES;
				CODE_SIGN_STYLE = Automatic;
				CURRENT_PROJECT_VERSION = 1;
				GENERATE_INFOPLIST_FILE = YES;
				MARKETING_VERSION = 1.0;
				PRODUCT_BUNDLE_IDENTIFIER = "com.iosDeveloper.typing-speed-testUITests";
				PRODUCT_NAME = "$(TARGET_NAME)";
				SWIFT_EMIT_LOC_STRINGS = NO;
				SWIFT_VERSION = 5.0;
				TARGETED_DEVICE_FAMILY = "1,2";
				TEST_TARGET_NAME = typing_speed_test;
			};
			name = Release;
		};
/* End XCBuildConfiguration section */

/* Begin XCConfigurationList section */
		DAD0F222295D4818007013BE /* Build configuration list for PBXProject "typing_speed_test" */ = {
			isa = XCConfigurationList;
			buildConfigurations = (
				DAD0F252295D4819007013BE /* Debug */,
				DAD0F253295D4819007013BE /* Release */,
			);
			defaultConfigurationIsVisible = 0;
			defaultConfigurationName = Release;
		};
		DAD0F254295D4819007013BE /* Build configuration list for PBXNativeTarget "typing_speed_test" */ = {
			isa = XCConfigurationList;
			buildConfigurations = (
				DAD0F255295D4819007013BE /* Debug */,
				DAD0F256295D4819007013BE /* Release */,
			);
			defaultConfigurationIsVisible = 0;
			defaultConfigurationName = Release;
		};
		DAD0F257295D4819007013BE /* Build configuration list for PBXNativeTarget "typing_speed_testTests" */ = {
			isa = XCConfigurationList;
			buildConfigurations = (
				DAD0F258295D4819007013BE /* Debug */,
				DAD0F259295D4819007013BE /* Release */,
			);
			defaultConfigurationIsVisible = 0;
			defaultConfigurationName = Release;
		};
		DAD0F25A295D4819007013BE /* Build configuration list for PBXNativeTarget "typing_speed_testUITests" */ = {
			isa = XCConfigurationList;
			buildConfigurations = (
				DAD0F25B295D4819007013BE /* Debug */,
				DAD0F25C295D4819007013BE /* Release */,
			);
			defaultConfigurationIsVisible = 0;
			defaultConfigurationName = Release;
		};
/* End XCConfigurationList section */

/* Begin XCVersionGroup section */
		DAD0F233295D4818007013BE /* typing_speed_test.xcdatamodeld */ = {
			isa = XCVersionGroup;
			children = (
				DAD0F234295D4818007013BE /* typing_speed_test.xcdatamodel */,
			);
			currentVersion = DAD0F234295D4818007013BE /* typing_speed_test.xcdatamodel */;
			path = typing_speed_test.xcdatamodeld;
			sourceTree = "<group>";
			versionGroupType = wrapper.xcdatamodel;
		};
/* End XCVersionGroup section */
	};
	rootObject = DAD0F21F295D4818007013BE /* Project object */;
}
